
Microsoft Visual Studio Solution File, Format Version 12.00
# Visual Studio Version 17
VisualStudioVersion = 17.0.31912.275
MinimumVisualStudioVersion = 10.0.40219.1
Project("{9A19103F-16F7-4668-BE54-9A1E7A4F7556}") = "Generic", "Generic\Generic.csproj", "{4CAD07F7-5172-46CF-A8D6-0F7027353F5B}"
EndProject
Project("{9A19103F-16F7-4668-BE54-9A1E7A4F7556}") = "Restricoes", "Restricoes\Restricoes.csproj", "{704C9C8B-E9A0-4218-99BF-1F3AE68FD60A}"
EndProject
Project("{FAE04EC0-301F-11D3-BF4B-00C04F79EFBC}") = "Gethashcode", "Gethashcode\Gethashcode.csproj", "{2EAF265C-9190-4DA6-94C7-6DE86DEF4BB5}"
EndProject
Project("{FAE04EC0-301F-11D3-BF4B-00C04F79EFBC}") = "Conjuntos", "Conjuntos\Conjuntos.csproj", "{CFCB5F81-0C03-4E2D-B390-336F434332C2}"
EndProject
Global
	GlobalSection(SolutionConfigurationPlatforms) = preSolution
		Debug|Any CPU = Debug|Any CPU
		Release|Any CPU = Release|Any CPU
	EndGlobalSection
	GlobalSection(ProjectConfigurationPlatforms) = postSolution
		{4CAD07F7-5172-46CF-A8D6-0F7027353F5B}.Debug|Any CPU.ActiveCfg = Debug|Any CPU
		{4CAD07F7-5172-46CF-A8D6-0F7027353F5B}.Debug|Any CPU.Build.0 = Debug|Any CPU
		{4CAD07F7-5172-46CF-A8D6-0F7027353F5B}.Release|Any CPU.ActiveCfg = Release|Any CPU
		{4CAD07F7-5172-46CF-A8D6-0F7027353F5B}.Release|Any CPU.Build.0 = Release|Any CPU
		{704C9C8B-E9A0-4218-99BF-1F3AE68FD60A}.Debug|Any CPU.ActiveCfg = Debug|Any CPU
		{704C9C8B-E9A0-4218-99BF-1F3AE68FD60A}.Debug|Any CPU.Build.0 = Debug|Any CPU
		{704C9C8B-E9A0-4218-99BF-1F3AE68FD60A}.Release|Any CPU.ActiveCfg = Release|Any CPU
		{704C9C8B-E9A0-4218-99BF-1F3AE68FD60A}.Release|Any CPU.Build.0 = Release|Any CPU
		{2EAF265C-9190-4DA6-94C7-6DE86DEF4BB5}.Debug|Any CPU.ActiveCfg = Debug|Any CPU
		{2EAF265C-9190-4DA6-94C7-6DE86DEF4BB5}.Debug|Any CPU.Build.0 = Debug|Any CPU
		{2EAF265C-9190-4DA6-94C7-6DE86DEF4BB5}.Release|Any CPU.ActiveCfg = Release|Any CPU
		{2EAF265C-9190-4DA6-94C7-6DE86DEF4BB5}.Release|Any CPU.Build.0 = Release|Any CPU
		{CFCB5F81-0C03-4E2D-B390-336F434332C2}.Debug|Any CPU.ActiveCfg = Debug|Any CPU
		{CFCB5F81-0C03-4E2D-B390-336F434332C2}.Debug|Any CPU.Build.0 = Debug|Any CPU
		{CFCB5F81-0C03-4E2D-B390-336F434332C2}.Release|Any CPU.ActiveCfg = Release|Any CPU
		{CFCB5F81-0C03-4E2D-B390-336F434332C2}.Release|Any CPU.Build.0 = Release|Any CPU
	EndGlobalSection
	GlobalSection(SolutionProperties) = preSolution
		HideSolutionNode = FALSE
	EndGlobalSection
	GlobalSection(ExtensibilityGlobals) = postSolution
		SolutionGuid = {CC6876DF-0BC3-475A-8AC3-2A12A5486ADF}
	EndGlobalSection
EndGlobal
