
Microsoft Visual Studio Solution File, Format Version 12.00
# Visual Studio Version 17
VisualStudioVersion = 17.0.31912.275
MinimumVisualStudioVersion = 10.0.40219.1
Project("{FAE04EC0-301F-11D3-BF4B-00C04F79EFBC}") = "Problema1", "Problema1\Problema1.csproj", "{64FDC3E3-373D-4AA8-8D9D-04C145F225AB}"
EndProject
Global
	GlobalSection(SolutionConfigurationPlatforms) = preSolution
		Debug|Any CPU = Debug|Any CPU
		Release|Any CPU = Release|Any CPU
	EndGlobalSection
	GlobalSection(ProjectConfigurationPlatforms) = postSolution
		{64FDC3E3-373D-4AA8-8D9D-04C145F225AB}.Debug|Any CPU.ActiveCfg = Debug|Any CPU
		{64FDC3E3-373D-4AA8-8D9D-04C145F225AB}.Debug|Any CPU.Build.0 = Debug|Any CPU
		{64FDC3E3-373D-4AA8-8D9D-04C145F225AB}.Release|Any CPU.ActiveCfg = Release|Any CPU
		{64FDC3E3-373D-4AA8-8D9D-04C145F225AB}.Release|Any CPU.Build.0 = Release|Any CPU
	EndGlobalSection
	GlobalSection(SolutionProperties) = preSolution
		HideSolutionNode = FALSE
	EndGlobalSection
	GlobalSection(ExtensibilityGlobals) = postSolution
		SolutionGuid = {D12B885F-379F-4143-B6E5-0ED3ED7506E5}
	EndGlobalSection
EndGlobal
